
Microsoft Visual Studio Solution File, Format Version 12.00
# Visual Studio Version 17
VisualStudioVersion = 17.14.36310.24 d17.14
MinimumVisualStudioVersion = 10.0.40219.1
Project("{FAE04EC0-301F-11D3-BF4B-00C04F79EFBC}") = "CustomerApi", "CustomerApi\CustomerApi.csproj", "{8578F594-1392-45A6-B64D-96117A6F76D2}"
EndProject
Global
	GlobalSection(SolutionConfigurationPlatforms) = preSolution
		Debug|Any CPU = Debug|Any CPU
		Release|Any CPU = Release|Any CPU
	EndGlobalSection
	GlobalSection(ProjectConfigurationPlatforms) = postSolution
		{8578F594-1392-45A6-B64D-96117A6F76D2}.Debug|Any CPU.ActiveCfg = Debug|Any CPU
		{8578F594-1392-45A6-B64D-96117A6F76D2}.Debug|Any CPU.Build.0 = Debug|Any CPU
		{8578F594-1392-45A6-B64D-96117A6F76D2}.Release|Any CPU.ActiveCfg = Release|Any CPU
		{8578F594-1392-45A6-B64D-96117A6F76D2}.Release|Any CPU.Build.0 = Release|Any CPU
	EndGlobalSection
	GlobalSection(SolutionProperties) = preSolution
		HideSolutionNode = FALSE
	EndGlobalSection
	GlobalSection(ExtensibilityGlobals) = postSolution
		SolutionGuid = {B6A5AC3F-7DCB-45C8-862A-8994027D7198}
	EndGlobalSection
EndGlobal
